
Microsoft Visual Studio Solution File, Format Version 12.00
# Visual Studio Version 17
VisualStudioVersion = 17.2.32616.157
MinimumVisualStudioVersion = 10.0.40219.1
Project("{FAE04EC0-301F-11D3-BF4B-00C04F79EFBC}") = "cslculadora richard", "cslculadora richard.csproj", "{6CCF2E1B-7C75-4C92-92BA-ED0E4C557625}"
EndProject
Global
	GlobalSection(SolutionConfigurationPlatforms) = preSolution
		Debug|Any CPU = Debug|Any CPU
		Release|Any CPU = Release|Any CPU
	EndGlobalSection
	GlobalSection(ProjectConfigurationPlatforms) = postSolution
		{6CCF2E1B-7C75-4C92-92BA-ED0E4C557625}.Debug|Any CPU.ActiveCfg = Debug|Any CPU
		{6CCF2E1B-7C75-4C92-92BA-ED0E4C557625}.Debug|Any CPU.Build.0 = Debug|Any CPU
		{6CCF2E1B-7C75-4C92-92BA-ED0E4C557625}.Release|Any CPU.ActiveCfg = Release|Any CPU
		{6CCF2E1B-7C75-4C92-92BA-ED0E4C557625}.Release|Any CPU.Build.0 = Release|Any CPU
	EndGlobalSection
	GlobalSection(SolutionProperties) = preSolution
		HideSolutionNode = FALSE
	EndGlobalSection
	GlobalSection(ExtensibilityGlobals) = postSolution
		SolutionGuid = {692E9125-3D14-4CA4-BFC0-080ECEA7E7F0}
	EndGlobalSection
EndGlobal
